	<Project xmlns="http://schemas.microsoft.com/developer/msbuild/2003">
		<PropertyGroup>
			<ProjectGuid>{1A41B8B6-5D64-46ED-ADE7-23A67BE0BC1D}</ProjectGuid>
			<ProjectVersion>13.4</ProjectVersion>
			<FrameworkType>VCL</FrameworkType>
			<MainSource>client.dpr</MainSource>
			<Base>True</Base>
			<Config Condition="'$(Config)'==''">Debug</Config>
			<Platform Condition="'$(Platform)'==''">Win32</Platform>
			<TargetedPlatforms>3</TargetedPlatforms>
			<AppType>Application</AppType>
		</PropertyGroup>
		<PropertyGroup Condition="'$(Config)'=='Base' or '$(Base)'!=''">
			<Base>true</Base>
		</PropertyGroup>
		<PropertyGroup Condition="('$(Platform)'=='Win64' and '$(Base)'=='true') or '$(Base_Win64)'!=''">
			<Base_Win64>true</Base_Win64>
			<CfgParent>Base</CfgParent>
			<Base>true</Base>
		</PropertyGroup>
		<PropertyGroup Condition="('$(Platform)'=='Win32' and '$(Base)'=='true') or '$(Base_Win32)'!=''">
			<Base_Win32>true</Base_Win32>
			<CfgParent>Base</CfgParent>
			<Base>true</Base>
		</PropertyGroup>
		<PropertyGroup Condition="'$(Config)'=='Debug' or '$(Cfg_1)'!=''">
			<Cfg_1>true</Cfg_1>
			<CfgParent>Base</CfgParent>
			<Base>true</Base>
		</PropertyGroup>
		<PropertyGroup Condition="('$(Platform)'=='Win32' and '$(Cfg_1)'=='true') or '$(Cfg_1_Win32)'!=''">
			<Cfg_1_Win32>true</Cfg_1_Win32>
			<CfgParent>Cfg_1</CfgParent>
			<Cfg_1>true</Cfg_1>
			<Base>true</Base>
		</PropertyGroup>
		<PropertyGroup Condition="'$(Config)'=='Release' or '$(Cfg_2)'!=''">
			<Cfg_2>true</Cfg_2>
			<CfgParent>Base</CfgParent>
			<Base>true</Base>
		</PropertyGroup>
		<PropertyGroup Condition="('$(Platform)'=='Win32' and '$(Cfg_2)'=='true') or '$(Cfg_2_Win32)'!=''">
			<Cfg_2_Win32>true</Cfg_2_Win32>
			<CfgParent>Cfg_2</CfgParent>
			<Cfg_2>true</Cfg_2>
			<Base>true</Base>
		</PropertyGroup>
		<PropertyGroup Condition="'$(Base)'!=''">
			<VerInfo_Keys>CompanyName=;FileDescription=;FileVersion=1.0.0.0;InternalName=;LegalCopyright=;LegalTrademarks=;OriginalFilename=;ProductName=;ProductVersion=1.0.0.0;Comments=</VerInfo_Keys>
			<Manifest_File>None</Manifest_File>
			<VerInfo_Locale>2057</VerInfo_Locale>
			<DCC_Namespace>System;Xml;Data;Datasnap;Web;Soap;Vcl;Vcl.Imaging;Vcl.Touch;Vcl.Samples;Vcl.Shell;$(DCC_Namespace)</DCC_Namespace>
			<Icon_MainIcon>resources\Icon.ico</Icon_MainIcon>
			<DCC_UsePackage>DBXInterBaseDriver;DataSnapServer;DataSnapCommon;DbxCommonDriver;dbxcds;CustomIPTransport;dsnap;IndyCore;IPIndyImpl;bindcompfmx;dbrtl;bindcomp;inetdb;xmlrtl;ibxpress;bindengine;soaprtl;DBXInformixDriver;DBXFirebirdDriver;inet;DBXSybaseASADriver;dbexpress;fmx;IndySystem;DataSnapClient;DataSnapProviderClient;DBXOracleDriver;fmxase;inetdbxpress;rtl;DbxClientDriver;IndyProtocols;DBXMySQLDriver;fmxobj;fmxdae;DataSnapIndy10ServerTransport;$(DCC_UsePackage)</DCC_UsePackage>
			<DCC_DcuOutput>..\bin\$(Platform)\$(Config)\dcu</DCC_DcuOutput>
			<DCC_ExeOutput>..\bin\$(Platform)\$(Config)</DCC_ExeOutput>
		</PropertyGroup>
		<PropertyGroup Condition="'$(Base_Win64)'!=''">
			<Manifest_File>$(BDS)\bin\default_app.manifest</Manifest_File>
			<VerInfo_Locale>1033</VerInfo_Locale>
			<VerInfo_IncludeVerInfo>true</VerInfo_IncludeVerInfo>
			<VerInfo_Keys>CompanyName=;FileDescription=;FileVersion=1.0.0.0;InternalName=;LegalCopyright=;LegalTrademarks=;OriginalFilename=;ProductName=;ProductVersion=1.0.0.0;Comments=</VerInfo_Keys>
			<DCC_Namespace>Winapi;System.Win;Data.Win;Datasnap.Win;Web.Win;Soap.Win;Xml.Win;$(DCC_Namespace)</DCC_Namespace>
			<DCC_UsePackage>cxLibraryRS16;dxSkinSevenRS16;dxPsPrVwAdvRS16;dxSkinSummer2008RS16;dxPSCoreRS16;cxPivotGridOLAPRS16;dxPScxGridLnkRS16;dxPScxTLLnkRS16;cxPageControlRS16;dxSkinVS2010RS16;vclimg;dxSkinDevExpressStyleRS16;dxSkinWhiteprintRS16;dxComnRS16;vcldb;dxSkinBlackRS16;dxADOServerModeRS16;dxBarExtDBItemsRS16;dxSkinXmas2008BlueRS16;dxSkinOffice2007BlueRS16;dxSkinOffice2007GreenRS16;cxDataRS16;cxBarEditItemRS16;dxDockingRS16;cxPageControldxBarPopupMenuRS16;dxPSDBTeeChartRS16;dxPSLnksRS16;dxBarExtItemsRS16;dxPSTeeChartRS16;dxPSdxLCLnkRS16;cxVerticalGridRS16;dxSkinSharpRS16;dxSkinOffice2007BlackRS16;dxorgcRS16;dxSkinBlueprintRS16;dxPScxExtCommonRS16;dxNavBarRS16;DBXOdbcDriver;dxdbtrRS16;dxSkinFoggyRS16;dxPScxSSLnkRS16;dxSkinDarkSideRS16;dxSkinscxPCPainterRS16;dxPSdxDBTVLnkRS16;vclactnband;dxPScxSchedulerLnkRS16;dxServerModeRS16;bindcompvcl;vclie;dxSkinSilverRS16;dsnapcon;dcldxSkinsCoreRS16;dxSkinLilianRS16;vclx;dxSkinValentineRS16;dxFlowChartRS16;dxGDIPlusRS16;dxSkinSharpPlusRS16;dxdborRS16;dxPScxVGridLnkRS16;dxLayoutControlRS16;dxPScxPivotGridLnkRS16;dxCoreRS16;cxExportRS16;dxBarRS16;dxSkinsdxNavBarPainterRS16;cxSpreadSheetRS16;cxTreeListdxBarPopupMenuRS16;TeeDB;dxDBXServerModeRS16;dxSkinCoffeeRS16;vclib;dxRibbonRS16;DBXSybaseASEDriver;cxTreeListRS16;dxSkinOffice2007SilverRS16;dxSkinsdxRibbonPainterRS16;vcldsnap;dxSkinBlueRS16;DBXDb2Driver;dxSkinDarkRoomRS16;dxSkinscxSchedulerPainterRS16;vcl;dxSkinDevExpressDarkStyleRS16;DBXMSSQLDriver;webdsnap;dxSkinsdxDLPainterRS16;dxSkinTheAsphaltWorldRS16;dxSkinOffice2010BlackRS16;dxSkinMoneyTwinsRS16;dxSkinPumpkinRS16;adortl;dxSkinHighContrastRS16;dxSkiniMaginaryRS16;dxPSdxDBOCLnkRS16;dxSkinLondonLiquidSkyRS16;dxSkinsdxBarPainterRS16;Tee;dxSkinGlassOceansRS16;dxSkinLiquidSkyRS16;dxSkinsCoreRS16;dxPScxCommonRS16;dxmdsRS16;dxPSPrVwRibbonRS16;cxGridRS16;cxEditorsRS16;TeeUI;cxPivotGridRS16;dxSkinSevenClassicRS16;cxSchedulerRS16;vcltouch;dxSkinOffice2010SilverRS16;websnap;dxSkinOffice2007PinkRS16;VclSmp;dxSkinSpringTimeRS16;dxTabbedMDIRS16;DataSnapConnectors;dxSkinStardustRS16;dxPSdxOCLnkRS16;dxSkinOffice2010BlueRS16;dxPSdxFCLnkRS16;dxThemeRS16;dxPScxPCProdRS16;dxSkinCaramelRS16;dxSkinMcSkinRS16;dxBarDBNavRS16;$(DCC_UsePackage)</DCC_UsePackage>
		</PropertyGroup>
		<PropertyGroup Condition="'$(Base_Win32)'!=''">
			<Manifest_File>$(BDS)\bin\default_app.manifest</Manifest_File>
			<VerInfo_Locale>1033</VerInfo_Locale>
			<VerInfo_IncludeVerInfo>true</VerInfo_IncludeVerInfo>
			<DCC_UsePackage>dxTileControlRS16;cxLibraryRS16;TMSCloudPkgDXE2;dxSkinSevenRS16;TP_LockBox3;dxPsPrVwAdvRS16;dxSkinSummer2008RS16;dxPSCoreRS16;cxPivotGridOLAPRS16;dxPScxGridLnkRS16;dxPScxTLLnkRS16;cxPageControlRS16;dxSkinVS2010RS16;vclimg;dxSkinDevExpressStyleRS16;dxSkinWhiteprintRS16;fmi;dxComnRS16;vcldb;dxSkinBlackRS16;dxADOServerModeRS16;dxBarExtDBItemsRS16;dxSkinXmas2008BlueRS16;dxSkinOffice2007BlueRS16;CloudService;dxSkinOffice2007GreenRS16;FmxTeeUI;cxDataRS16;cxBarEditItemRS16;dxDockingRS16;cxPageControldxBarPopupMenuRS16;tmsexdxe2;dxPSDBTeeChartRS16;dxPSLnksRS16;dxBarExtItemsRS16;JclDeveloperTools;dxPSTeeChartRS16;dxPSdxLCLnkRS16;cxVerticalGridRS16;dxSkinSharpRS16;dxSkinOffice2007BlackRS16;dxorgcRS16;dxSkinBlueprintRS16;dxPScxExtCommonRS16;vcldbx;dxNavBarRS16;OverbyteIcsDXe2Run;DBXOdbcDriver;dxdbtrRS16;dxSkinFoggyRS16;madDisAsm_;dxPScxSSLnkRS16;dxSkinDarkSideRS16;intrawebdb_120_160;dxSkinscxPCPainterRS16;dxPSdxDBTVLnkRS16;FMXTee;vclactnband;dxPScxSchedulerLnkRS16;dxServerModeRS16;bindcompvcl;Jcl;vclie;madExcept_;dxSkinSilverRS16;dsnapcon;dcldxSkinsCoreRS16;CoolTrayIcon_D140;dxSkinLilianRS16;vclx;dxSkinValentineRS16;dxFlowChartRS16;dxGDIPlusRS16;dxSkinSharpPlusRS16;dxdborRS16;dxPScxVGridLnkRS16;dxLayoutControlRS16;dxPScxPivotGridLnkRS16;dxCoreRS16;cxExportRS16;ZComponent;dxBarRS16;dxSkinsdxNavBarPainterRS16;cxSpreadSheetRS16;cxTreeListdxBarPopupMenuRS16;TeeDB;FlexCelXE2;dxDBXServerModeRS16;dxSkinCoffeeRS16;Rave100VCL;vclib;inetdbbde;dxRibbonRS16;DBXSybaseASEDriver;cxTreeListRS16;dxSkinOffice2007SilverRS16;dxSkinsdxRibbonPainterRS16;vcldsnap;dxSkinBlueRS16;DBXDb2Driver;Intraweb_120_160;dwsLibRuntime;vclribbon;dxSkinDarkRoomRS16;dxSkinscxSchedulerPainterRS16;vcl;dxSkinDevExpressDarkStyleRS16;DBXMSSQLDriver;tmsdxe2;cxSchedulerGridRS16;webdsnap;dxtrmdRS16;dxSkinsdxDLPainterRS16;dxSkinTheAsphaltWorldRS16;dxSkinOffice2010BlackRS16;dxSkinMoneyTwinsRS16;dxSkinPumpkinRS16;adortl;madBasic_;dxSkinHighContrastRS16;dxSkiniMaginaryRS16;ShellChangeNotify;ZDbc;dxPSdxDBOCLnkRS16;dxSkinLondonLiquidSkyRS16;dxSkinsdxBarPainterRS16;ZPlain;Tee;JclContainers;dxSkinGlassOceansRS16;dxSkinLiquidSkyRS16;dxSkinsCoreRS16;svnui;cxPivotGridChartRS16;dxPScxCommonRS16;dxmdsRS16;dxSpellCheckerRS16;dxPSPrVwRibbonRS16;cxGridRS16;cxEditorsRS16;TeeUI;cxPivotGridRS16;dxSkinSevenClassicRS16;cxSchedulerRS16;tmsxlsdxe2;vcltouch;dxSkinOffice2010SilverRS16;ZCore;websnap;dxSkinOffice2007PinkRS16;VclSmp;dxSkinSpringTimeRS16;dxTabbedMDIRS16;DataSnapConnectors;dxSkinStardustRS16;dxPSdxOCLnkRS16;dxSkinOffice2010BlueRS16;dxPSdxFCLnkRS16;dxThemeRS16;JclVcl;dxPScxPCProdRS16;ZParseSql;tmswizdxe2;svn;dxSkinCaramelRS16;bdertl;dxSkinMcSkinRS16;dxBarDBNavRS16;$(DCC_UsePackage)</DCC_UsePackage>
			<VerInfo_Keys>CompanyName=;FileDescription=;FileVersion=1.0.0.0;InternalName=;LegalCopyright=;LegalTrademarks=;OriginalFilename=;ProductName=;ProductVersion=1.0.0.0;Comments=</VerInfo_Keys>
			<DCC_Namespace>Winapi;System.Win;Data.Win;Datasnap.Win;Web.Win;Soap.Win;Xml.Win;Bde;$(DCC_Namespace)</DCC_Namespace>
		</PropertyGroup>
		<PropertyGroup Condition="'$(Cfg_1)'!=''">
			<DCC_Define>DEBUG;$(DCC_Define)</DCC_Define>
			<DCC_Optimize>false</DCC_Optimize>
			<DCC_GenerateStackFrames>true</DCC_GenerateStackFrames>
			<DCC_DebugInfoInExe>true</DCC_DebugInfoInExe>
			<DCC_RemoteDebug>true</DCC_RemoteDebug>
		</PropertyGroup>
		<PropertyGroup Condition="'$(Cfg_1_Win32)'!=''">
			<DCC_Define>madExcept;$(DCC_Define)</DCC_Define>
			<Manifest_File>$(BDS)\bin\default_app.manifest</Manifest_File>
			<VerInfo_Keys>CompanyName=;FileDescription=;FileVersion=1.0.0.0;InternalName=ChipUP Poker;LegalCopyright=;LegalTrademarks=;OriginalFilename=chipuppoker.exe;ProductName=ChipUP Poker;ProductVersion=1.0.0.0;Comments=</VerInfo_Keys>
			<DCC_ExeOutput>..\bin\$(Platform)\$(Config)</DCC_ExeOutput>
			<DCC_MapFile>3</DCC_MapFile>
			<VerInfo_IncludeVerInfo>true</VerInfo_IncludeVerInfo>
			<VerInfo_Locale>1033</VerInfo_Locale>
			<DCC_RemoteDebug>false</DCC_RemoteDebug>
		</PropertyGroup>
		<PropertyGroup Condition="'$(Cfg_2)'!=''">
			<DCC_LocalDebugSymbols>false</DCC_LocalDebugSymbols>
			<DCC_Define>RELEASE;$(DCC_Define)</DCC_Define>
			<DCC_SymbolReferenceInfo>0</DCC_SymbolReferenceInfo>
			<DCC_DebugInformation>false</DCC_DebugInformation>
		</PropertyGroup>
		<PropertyGroup Condition="'$(Cfg_2_Win32)'!=''">
			<DCC_Define>madExcept;$(DCC_Define)</DCC_Define>
			<DCC_LocalDebugSymbols>true</DCC_LocalDebugSymbols>
			<DCC_DebugInformation>true</DCC_DebugInformation>
			<DCC_MapFile>3</DCC_MapFile>
		</PropertyGroup>
		<ItemGroup>
			<DelphiCompile Include="$(MainSource)">
				<MainSource>MainSource</MainSource>
			</DelphiCompile>
			<RcCompile Include="resources\fonts.rc">
				<Form>fonts.res</Form>
			</RcCompile>
			<DCCReference Include="3rdparty\FastMM\FastMM4.pas"/>
			<DCCReference Include="uMainDataModule.pas">
				<Form>dmMain</Form>
				<DesignClass>TDataModule</DesignClass>
			</DCCReference>
			<DCCReference Include="forms\uMainForm.pas">
				<Form>frmChipUpMain</Form>
			</DCCReference>
			<DCCReference Include="forms\uLoginForm.pas">
				<Form>frmLogin</Form>
			</DCCReference>
			<DCCReference Include="forms\uCreateAccountForm.pas">
				<Form>frmCreateAccount</Form>
			</DCCReference>
			<DCCReference Include="forms\uForgotPasswordForm.pas">
				<Form>frmForgotPassword</Form>
			</DCCReference>
			<DCCReference Include="forms\uCreateClubForm.pas">
				<Form>frmCreateClub</Form>
			</DCCReference>
			<DCCReference Include="forms\uJoinClubForm.pas">
				<Form>frmJoinClub</Form>
			</DCCReference>
			<DCCReference Include="forms\uChangeClubDetailsForm.pas">
				<Form>frmChangeClubDetails</Form>
			</DCCReference>
			<DCCReference Include="forms\uGiveChipsForm.pas">
				<Form>frmGiveChips</Form>
			</DCCReference>
			<DCCReference Include="forms\uChangeEMailForm.pas">
				<Form>frmChangeEMail</Form>
			</DCCReference>
			<DCCReference Include="forms\uChangePasswordForm.pas">
				<Form>frmChangePassword</Form>
			</DCCReference>
			<DCCReference Include="forms\uTableForm.pas">
				<Form>frmTable</Form>
			</DCCReference>
			<DCCReference Include="forms\uCreateEditGameForm.pas">
				<Form>frmCreateEditGame</Form>
			</DCCReference>
			<DCCReference Include="forms\uDebugForm.pas">
				<Form>frmDebug</Form>
			</DCCReference>
			<DCCReference Include="forms\uPublicClubsList.pas">
				<Form>frmPublicClubsList</Form>
			</DCCReference>
			<DCCReference Include="forms\uChangeAvatarForm.pas">
				<Form>frmChangeAvatar</Form>
			</DCCReference>
			<DCCReference Include="forms\uTableSitForm.pas">
				<Form>frmTableSit</Form>
			</DCCReference>
			<DCCReference Include="skins\ChipUpDarkStyle\dxsChipUpDark.pas"/>
			<DCCReference Include="skins\ChipUpDarkTabs\dxsChipUpDarkTabs.pas"/>
			<DCCReference Include="skins\ChipUpRedButton\dxsChipUpRedButton.pas"/>
			<DCCReference Include="modules\uServerSettings.pas"/>
			<DCCReference Include="forms\uIFormParams.pas"/>
			<DCCReference Include="modules\settings\uSettings.pas"/>
			<DCCReference Include="modules\settings\uHardcodedSettings.pas"/>
			<DCCReference Include="uCommon.pas"/>
			<DCCReference Include="modules\uValidators.pas"/>
			<DCCReference Include="modules\uPlayerInfo.pas"/>
			<DCCReference Include="modules\uClubInfo.pas"/>
			<DCCReference Include="modules\table\uTables.pas"/>
			<DCCReference Include="modules\uGameInfo.pas"/>
			<DCCReference Include="modules\uInstanceController.pas"/>
			<DCCReference Include="modules\uAvatars.pas"/>
			<DCCReference Include="modules\uEncryption.pas"/>
			<DCCReference Include="modules\uSocketClient.pas"/>
			<DCCReference Include="modules\protobuf\uProtobufReader.pas"/>
			<DCCReference Include="modules\protobuf\objects\uPB_RpcMessage.pas"/>
			<DCCReference Include="modules\protobuf\objects\uPB_LoginParams.pas"/>
			<DCCReference Include="modules\protobuf\objects\uPB_Club.pas"/>
			<DCCReference Include="modules\protobuf\objects\uPB_StatusReply.pas"/>
			<DCCReference Include="modules\protobuf\objects\uPB_HelloReply.pas"/>
			<DCCReference Include="modules\protobuf\objects\uPB_StringSizes.pas"/>
			<DCCReference Include="modules\protobuf\objects\uPB_RegisterParams.pas"/>
			<DCCReference Include="modules\protobuf\objects\uPB_ForgotPasswordParams.pas"/>
			<DCCReference Include="modules\protobuf\objects\uPB_User.pas"/>
			<DCCReference Include="modules\message_container\uMessageContainer.pas"/>
			<DCCReference Include="modules\message_container\uMessageCallbacks.pas"/>
			<DCCReference Include="modules\protobuf\objects\uPB_ListClubsReply.pas"/>
			<DCCReference Include="modules\protobuf\objects\uPB_GiveClubOwnershipParams.pas"/>
			<DCCReference Include="modules\protobuf\objects\uPB_KickPlayerParams.pas"/>
			<DCCReference Include="modules\protobuf\objects\uPB_ChangeEMailParams.pas"/>
			<DCCReference Include="modules\protobuf\objects\uPB_ChangePasswordParams.pas"/>
			<DCCReference Include="modules\protobuf\objects\uPB_Game.pas"/>
			<DCCReference Include="modules\protobuf\objects\uPB_SetAvatarParams.pas"/>
			<DCCReference Include="modules\protobuf\objects\uPB_TransferChipsParams.pas"/>
			<DCCReference Include="modules\protobuf\objects\uPB_ChatMessage.pas"/>
			<DCCReference Include="modules\protobuf\objects\uPB_ChatEvent.pas"/>
			<DCCReference Include="3rdparty\protobufs\pbInput.pas"/>
			<DCCReference Include="3rdparty\protobufs\pbOutput.pas"/>
			<DCCReference Include="3rdparty\protobufs\pbPublic.pas"/>
			<DCCReference Include="3rdparty\protobufs\StrBuffer.pas"/>
			<DCCReference Include="3rdparty\FastMM\FastMM4Messages.pas"/>
			<DCCReference Include="modules\protobuf\objects\uPB_TableSit.pas"/>
			<DCCReference Include="modules\protobuf\uProtobufBaseObject.pas"/>
			<DCCReference Include="modules\protobuf\objects\uPB_TableStatus.pas"/>
			<DCCReference Include="modules\protobuf\objects\uPB_SeatInfo.pas"/>
			<DCCReference Include="modules\protobuf\objects\uServerCodes.pas"/>
			<DCCReference Include="3rdparty\devexpress\dxGDIPlusAPI.pas"/>
			<DCCReference Include="forms\uClubLobbyForm.pas">
				<Form>frmClubLobby</Form>
			</DCCReference>
			<DCCReference Include="modules\protobuf\objects\uPB_ChangeSuspendState.pas"/>
			<DCCReference Include="modules\protobuf\objects\uPB_RegisterReply.pas"/>
			<DCCReference Include="modules\protobuf\objects\uPB_ClubCommandReply.pas"/>
			<DCCReference Include="modules\protobuf\objects\uPB_LoginReply.pas"/>
			<DCCReference Include="modules\protobuf\objects\uPB_SetAvatarReply.pas"/>
			<DCCReference Include="modules\protobuf\objects\uPB_ChangeMailReply.pas"/>
			<DCCReference Include="modules\protobuf\objects\uPB_GetUserParams.pas"/>
			<DCCReference Include="modules\table\uTableStatus.pas"/>
			<DCCReference Include="modules\protobuf\objects\uPB_TableEvent.pas"/>
			<DCCReference Include="modules\protobuf\objects\uPB_PutChips.pas"/>
			<DCCReference Include="modules\table\uTableResources.pas"/>
			<DCCReference Include="modules\protobuf\objects\uPB_WinnerData.pas"/>
			<DCCReference Include="modules\uCards.pas"/>
			<DCCReference Include="modules\protobuf\objects\uPB_PotInfo.pas"/>
			<DCCReference Include="modules\protobuf\objects\uPB_PingParams.pas"/>
			<DCCReference Include="modules\protobuf\objects\uPB_PingReply.pas"/>
			<DCCReference Include="modules\directx_draw\uPaintPanel.pas"/>
			<DCCReference Include="modules\directx_draw\uDXCore.pas"/>
			<DCCReference Include="modules\directx_draw\uAsphyreImageHelper.pas"/>
			<DCCReference Include="modules\uChipsStackMaker.pas"/>
			<DCCReference Include="modules\uFormsContainer.pas"/>
			<DCCReference Include="modules\protobuf\objects\uPB_TableBoolFlag.pas"/>
			<DCCReference Include="forms\uIModalForm.pas"/>
			<DCCReference Include="modules\directx_draw\uDXTimer.pas"/>
			<DCCReference Include="modules\directx_draw\uDXAnimation.pas"/>
			<RcItem Include="resources\cashier\Normal.png">
				<ResourceType>RCDATA</ResourceType>
				<ResourceId>CashierNormal</ResourceId>
			</RcItem>
			<RcItem Include="resources\cashier\Pressed.png">
				<ResourceType>RCDATA</ResourceType>
				<ResourceId>CashierPressed</ResourceId>
			</RcItem>
			<RcItem Include="resources\room_media\roommedia.asvf">
				<ContainerId>ResourceItem</ContainerId>
				<ResourceType>RCDATA</ResourceType>
				<ResourceId>RoomMedia</ResourceId>
			</RcItem>
			<BuildConfiguration Include="Release">
				<Key>Cfg_2</Key>
				<CfgParent>Base</CfgParent>
			</BuildConfiguration>
			<BuildConfiguration Include="Base">
				<Key>Base</Key>
			</BuildConfiguration>
			<BuildConfiguration Include="Debug">
				<Key>Cfg_1</Key>
				<CfgParent>Base</CfgParent>
			</BuildConfiguration>
		</ItemGroup>
		<ProjectExtensions>
			<Borland.Personality>Delphi.Personality.12</Borland.Personality>
			<Borland.ProjectType/>
			<BorlandProject>
				<Delphi.Personality>
					<VersionInfo>
						<VersionInfo Name="IncludeVerInfo">False</VersionInfo>
						<VersionInfo Name="AutoIncBuild">False</VersionInfo>
						<VersionInfo Name="MajorVer">1</VersionInfo>
						<VersionInfo Name="MinorVer">0</VersionInfo>
						<VersionInfo Name="Release">0</VersionInfo>
						<VersionInfo Name="Build">0</VersionInfo>
						<VersionInfo Name="Debug">False</VersionInfo>
						<VersionInfo Name="PreRelease">False</VersionInfo>
						<VersionInfo Name="Special">False</VersionInfo>
						<VersionInfo Name="Private">False</VersionInfo>
						<VersionInfo Name="DLL">False</VersionInfo>
						<VersionInfo Name="Locale">2057</VersionInfo>
						<VersionInfo Name="CodePage">1252</VersionInfo>
					</VersionInfo>
					<VersionInfoKeys>
						<VersionInfoKeys Name="CompanyName"/>
						<VersionInfoKeys Name="FileDescription"/>
						<VersionInfoKeys Name="FileVersion">1.0.0.0</VersionInfoKeys>
						<VersionInfoKeys Name="InternalName"/>
						<VersionInfoKeys Name="LegalCopyright"/>
						<VersionInfoKeys Name="LegalTrademarks"/>
						<VersionInfoKeys Name="OriginalFilename"/>
						<VersionInfoKeys Name="ProductName"/>
						<VersionInfoKeys Name="ProductVersion">1.0.0.0</VersionInfoKeys>
						<VersionInfoKeys Name="Comments"/>
					</VersionInfoKeys>
					<Excluded_Packages>
						<Excluded_Packages Name="$(BDSBIN)\dcloffice2k160.bpl">Microsoft Office 2000 Sample Automation Server Wrapper Components</Excluded_Packages>
						<Excluded_Packages Name="$(BDSBIN)\dclofficexp160.bpl">Microsoft Office XP Sample Automation Server Wrapper Components</Excluded_Packages>
					</Excluded_Packages>
					<Source>
						<Source Name="MainSource">client.dpr</Source>
					</Source>
				</Delphi.Personality>
				<Deployment>
					<DeployFile LocalName="..\bin\Win32\Debug\client.rsm" Configuration="Debug" Class="DebugSymbols">
						<Platform Name="Win32">
							<RemoteName>client.rsm</RemoteName>
						</Platform>
					</DeployFile>
					<DeployFile LocalName="..\bin\Win32\Debug\client.exe" Configuration="Debug" Class="ProjectOutput">
						<Platform Name="Win32"/>
					</DeployFile>
					<DeployClass Name="ProjectOutput" Required="true">
						<Platform Name="OSX32">
							<RemoteDir>Contents\MacOS</RemoteDir>
							<Operation>1</Operation>
						</Platform>
						<Platform Name="Win32">
							<Operation>0</Operation>
						</Platform>
					</DeployClass>
					<DeployClass Name="DependencyPackage" Required="true">
						<Platform Name="OSX32">
							<RemoteDir>Contents\MacOS</RemoteDir>
							<Operation>1</Operation>
							<Extensions>.dylib</Extensions>
						</Platform>
						<Platform Name="Win32">
							<Operation>0</Operation>
							<Extensions>.bpl</Extensions>
						</Platform>
					</DeployClass>
					<DeployClass Name="DependencyModule">
						<Platform Name="OSX32">
							<RemoteDir>Contents\MacOS</RemoteDir>
							<Operation>1</Operation>
							<Extensions>.dylib</Extensions>
						</Platform>
						<Platform Name="Win32">
							<Operation>0</Operation>
							<Extensions>.dll;.bpl</Extensions>
						</Platform>
					</DeployClass>
					<DeployClass Name="ProjectOSXInfoPList">
						<Platform Name="OSX32">
							<RemoteDir>Contents</RemoteDir>
							<Operation>1</Operation>
						</Platform>
					</DeployClass>
					<DeployClass Name="File">
						<Platform Name="OSX32">
							<RemoteDir>Contents\MacOS</RemoteDir>
							<Operation>0</Operation>
						</Platform>
						<Platform Name="Win32">
							<Operation>0</Operation>
						</Platform>
					</DeployClass>
					<DeployClass Name="DebugSymbols">
						<Platform Name="OSX32">
							<RemoteDir>Contents\MacOS</RemoteDir>
							<Operation>1</Operation>
						</Platform>
						<Platform Name="Win32">
							<Operation>0</Operation>
						</Platform>
					</DeployClass>
					<DeployClass Name="DependencyFramework">
						<Platform Name="OSX32">
							<RemoteDir>Contents\MacOS</RemoteDir>
							<Operation>1</Operation>
							<Extensions>.framework</Extensions>
						</Platform>
						<Platform Name="Win32">
							<Operation>0</Operation>
						</Platform>
					</DeployClass>
					<DeployClass Name="AdditionalDebugSymbols">
						<Platform Name="OSX32">
							<RemoteDir>Contents\MacOS</RemoteDir>
							<Operation>1</Operation>
						</Platform>
						<Platform Name="Win32">
							<Operation>0</Operation>
						</Platform>
					</DeployClass>
					<DeployClass Name="ProjectOSXResource">
						<Platform Name="OSX32">
							<RemoteDir>Contents\Resources</RemoteDir>
							<Operation>1</Operation>
						</Platform>
					</DeployClass>
					<ProjectRoot Name="$(PROJECTNAME).app" Platform="OSX32"/>
					<ProjectRoot Name="$(PROJECTNAME)" Platform="Win64"/>
					<ProjectRoot Name="$(PROJECTNAME)" Platform="Win32"/>
				</Deployment>
				<Platforms>
					<Platform value="Win64">True</Platform>
					<Platform value="Win32">True</Platform>
				</Platforms>
				<ModelSupport>False</ModelSupport>
			</BorlandProject>
			<ProjectFileVersion>12</ProjectFileVersion>
		</ProjectExtensions>
		<Import Condition="Exists('$(BDS)\Bin\CodeGear.Delphi.Targets')" Project="$(BDS)\Bin\CodeGear.Delphi.Targets"/>
		<Import Condition="Exists('$(APPDATA)\Embarcadero\$(BDSAPPDATABASEDIR)\$(PRODUCTVERSION)\UserTools.proj')" Project="$(APPDATA)\Embarcadero\$(BDSAPPDATABASEDIR)\$(PRODUCTVERSION)\UserTools.proj"/>
		<Import Condition="Exists('$(MSBuildProjectName).deployproj')" Project="$(MSBuildProjectName).deployproj"/>
	</Project>
